
Microsoft Visual Studio Solution File, Format Version 12.00
# Visual Studio Version 16
VisualStudioVersion = 16.0.30717.126
MinimumVisualStudioVersion = 10.0.40219.1
Project("{FAE04EC0-301F-11D3-BF4B-00C04F79EFBC}") = "Test_Users", "Test_Users\Test_Users.csproj", "{76229E1E-5CBE-43C9-8329-B375C668EC6E}"
EndProject
Global
	GlobalSection(SolutionConfigurationPlatforms) = preSolution
		Debug|Any CPU = Debug|Any CPU
		Release|Any CPU = Release|Any CPU
	EndGlobalSection
	GlobalSection(ProjectConfigurationPlatforms) = postSolution
		{76229E1E-5CBE-43C9-8329-B375C668EC6E}.Debug|Any CPU.ActiveCfg = Debug|Any CPU
		{76229E1E-5CBE-43C9-8329-B375C668EC6E}.Debug|Any CPU.Build.0 = Debug|Any CPU
		{76229E1E-5CBE-43C9-8329-B375C668EC6E}.Release|Any CPU.ActiveCfg = Release|Any CPU
		{76229E1E-5CBE-43C9-8329-B375C668EC6E}.Release|Any CPU.Build.0 = Release|Any CPU
	EndGlobalSection
	GlobalSection(SolutionProperties) = preSolution
		HideSolutionNode = FALSE
	EndGlobalSection
	GlobalSection(ExtensibilityGlobals) = postSolution
		SolutionGuid = {ED23B1A2-91F1-4793-B733-1A96A844D2E9}
	EndGlobalSection
EndGlobal
